{
  "requires": true,
  "lockfileVersion": 1,
  "dependencies": {
    "@antv/gl-matrix": {
      "version": "2.7.1",
      "resolved": "https://registry.npmjs.org/@antv/gl-matrix/-/gl-matrix-2.7.1.tgz",
      "integrity": "sha512-oOWcVNlpELIKi9x+Mm1Vwbz8pXfkbJKykoCIOJ/dNK79hSIANbpXJ5d3Rra9/wZqK6MC961B7sybFhPlLraT3Q=="
    },
    "@antv/util": {
      "version": "2.0.9",
      "resolved": "https://registry.npmjs.org/@antv/util/-/util-2.0.9.tgz",
      "integrity": "sha512-JblWzne7msAPDdxkUhEk8zAz0Wd6igKwqymGbvIeyOydGrhBhGjA3nEayFj4IlG+XixCvGFKsCB4yuFS4glRIA==",
      "requires": {
        "tslib": "^1.10.0"
      }
    },
    "@babel/runtime": {
      "version": "7.9.6",
      "resolved": "https://registry.npmjs.org/@babel/runtime/-/runtime-7.9.6.tgz",
      "integrity": "sha512-64AF1xY3OAkFHqOb9s4jpgk1Mm5vDZ4L3acHvAml+53nO1XbXLuDodsVpO4OIUsmemlUHMxNdYMNJmsvOwLrvQ==",
      "requires": {
        "regenerator-runtime": "^0.13.4"
      }
    },
    "fecha": {
      "version": "2.3.3",
      "resolved": "https://registry.npmjs.org/fecha/-/fecha-2.3.3.tgz",
      "integrity": "sha512-lUGBnIamTAwk4znq5BcqsDaxSmZ9nDVJaij6NvRt/Tg4R69gERA+otPKbS86ROw9nxVMw2/mp1fnaiWqbs6Sdg=="
    },
    "hammerjs": {
      "version": "2.0.8",
      "resolved": "https://registry.npmjs.org/hammerjs/-/hammerjs-2.0.8.tgz",
      "integrity": "sha1-BO93hiz/K7edMPdpIJWTAiK/YPE="
    },
    "prettier": {
      "version": "1.12.1",
      "resolved": "http://registry.npm.taobao.org/prettier/download/prettier-1.12.1.tgz",
      "integrity": "sha1-wa0g6APndJ+vkFpAnSNn4Gu+cyU="
    },
    "regenerator-runtime": {
      "version": "0.13.5",
      "resolved": "https://registry.npmjs.org/regenerator-runtime/-/regenerator-runtime-0.13.5.tgz",
      "integrity": "sha512-ZS5w8CpKFinUzOwW3c83oPeVXoNsrLsaCoLtJvAClH135j/R77RuymhiSErhm2lKcwSCIpmvIWSbDkIfAqKQlA=="
    },
    "tslib": {
      "version": "1.13.0",
      "resolved": "https://registry.npmjs.org/tslib/-/tslib-1.13.0.tgz",
      "integrity": "sha512-i/6DQjL8Xf3be4K/E6Wgpekn5Qasl1usyw++dAA35Ue5orEn65VIxOA+YvNNl9HV3qv70T7CNwjODHZrLwvd1Q=="
    }
  }
}
